{
  "name": "stately-visual-editor-tags-bug",
  "version": "1.0.0",
  "lockfileVersion": 2,
  "requires": true,
  "packages": {
    "": {
      "name": "stately-visual-editor-tags-bug",
      "version": "1.0.0",
      "license": "ISC",
      "dependencies": {
        "xstate": "^4.29.0"
      }
    },
    "node_modules/xstate": {
      "version": "4.29.0",
      "resolved": "https://registry.npmjs.org/xstate/-/xstate-4.29.0.tgz",
      "integrity": "sha512-F6WF5s6xG/bm8Oxi2ETuzwGQW8yleL5I4JPxZl49m7Uw7D4LAXu+4dvUK78Uo4D863sM8auqw6+1Xmj9mFlmDQ==",
      "funding": {
        "type": "opencollective",
        "url": "https://opencollective.com/xstate"
      }
    }
  },
  "dependencies": {
    "xstate": {
      "version": "4.29.0",
      "resolved": "https://registry.npmjs.org/xstate/-/xstate-4.29.0.tgz",
      "integrity": "sha512-F6WF5s6xG/bm8Oxi2ETuzwGQW8yleL5I4JPxZl49m7Uw7D4LAXu+4dvUK78Uo4D863sM8auqw6+1Xmj9mFlmDQ=="
    }
  }
}
